
Microsoft Visual Studio Solution File, Format Version 12.00
# Visual Studio Version 16
VisualStudioVersion = 16.0.30503.244
MinimumVisualStudioVersion = 10.0.40219.1
Project("{FAE04EC0-301F-11D3-BF4B-00C04F79EFBC}") = "Service", "WebApplication1\Service.csproj", "{655783A2-BC60-47BC-8BBA-CE029A015E01}"
EndProject
Global
	GlobalSection(SolutionConfigurationPlatforms) = preSolution
		Debug|Any CPU = Debug|Any CPU
		Release|Any CPU = Release|Any CPU
	EndGlobalSection
	GlobalSection(ProjectConfigurationPlatforms) = postSolution
		{655783A2-BC60-47BC-8BBA-CE029A015E01}.Debug|Any CPU.ActiveCfg = Debug|Any CPU
		{655783A2-BC60-47BC-8BBA-CE029A015E01}.Debug|Any CPU.Build.0 = Debug|Any CPU
		{655783A2-BC60-47BC-8BBA-CE029A015E01}.Release|Any CPU.ActiveCfg = Release|Any CPU
		{655783A2-BC60-47BC-8BBA-CE029A015E01}.Release|Any CPU.Build.0 = Release|Any CPU
	EndGlobalSection
	GlobalSection(SolutionProperties) = preSolution
		HideSolutionNode = FALSE
	EndGlobalSection
	GlobalSection(ExtensibilityGlobals) = postSolution
		SolutionGuid = {4D101E0D-A20F-417D-A0B9-50A1BD4342AA}
	EndGlobalSection
EndGlobal
